
Microsoft Visual Studio Solution File, Format Version 12.00
# Visual Studio 2012
Project("{FAE04EC0-301F-11D3-BF4B-00C04F79EFBC}") = "MasterProgram", "MasterProgram\MasterProgram.csproj", "{35211B19-9B23-4523-81F8-6CD7E497D55B}"
EndProject
Global
	GlobalSection(SolutionConfigurationPlatforms) = preSolution
		Debug MapCacheProcessor|Any CPU = Debug MapCacheProcessor|Any CPU
		Debug MapCacheProcessor|Mixed Platforms = Debug MapCacheProcessor|Mixed Platforms
		Debug MapCacheProcessor|x86 = Debug MapCacheProcessor|x86
		Debug|Any CPU = Debug|Any CPU
		Debug|Mixed Platforms = Debug|Mixed Platforms
		Debug|x86 = Debug|x86
		Release|Any CPU = Release|Any CPU
		Release|Mixed Platforms = Release|Mixed Platforms
		Release|x86 = Release|x86
	EndGlobalSection
	GlobalSection(ProjectConfigurationPlatforms) = postSolution
		{35211B19-9B23-4523-81F8-6CD7E497D55B}.Debug MapCacheProcessor|Any CPU.ActiveCfg = Debug|x86
		{35211B19-9B23-4523-81F8-6CD7E497D55B}.Debug MapCacheProcessor|Mixed Platforms.ActiveCfg = Debug|x86
		{35211B19-9B23-4523-81F8-6CD7E497D55B}.Debug MapCacheProcessor|Mixed Platforms.Build.0 = Debug|x86
		{35211B19-9B23-4523-81F8-6CD7E497D55B}.Debug MapCacheProcessor|x86.ActiveCfg = Debug|x86
		{35211B19-9B23-4523-81F8-6CD7E497D55B}.Debug MapCacheProcessor|x86.Build.0 = Debug|x86
		{35211B19-9B23-4523-81F8-6CD7E497D55B}.Debug|Any CPU.ActiveCfg = Debug|x86
		{35211B19-9B23-4523-81F8-6CD7E497D55B}.Debug|Mixed Platforms.ActiveCfg = Debug|x86
		{35211B19-9B23-4523-81F8-6CD7E497D55B}.Debug|Mixed Platforms.Build.0 = Debug|x86
		{35211B19-9B23-4523-81F8-6CD7E497D55B}.Debug|x86.ActiveCfg = Debug|x86
		{35211B19-9B23-4523-81F8-6CD7E497D55B}.Debug|x86.Build.0 = Debug|x86
		{35211B19-9B23-4523-81F8-6CD7E497D55B}.Release|Any CPU.ActiveCfg = Release|x86
		{35211B19-9B23-4523-81F8-6CD7E497D55B}.Release|Mixed Platforms.ActiveCfg = Release|x86
		{35211B19-9B23-4523-81F8-6CD7E497D55B}.Release|Mixed Platforms.Build.0 = Release|x86
		{35211B19-9B23-4523-81F8-6CD7E497D55B}.Release|x86.ActiveCfg = Release|x86
		{35211B19-9B23-4523-81F8-6CD7E497D55B}.Release|x86.Build.0 = Release|x86
	EndGlobalSection
	GlobalSection(SolutionProperties) = preSolution
		HideSolutionNode = FALSE
	EndGlobalSection
EndGlobal
