
Microsoft Visual Studio Solution File, Format Version 11.00
# Visual Studio 2010
Project("{FAE04EC0-301F-11D3-BF4B-00C04F79EFBC}") = "MasterProgram", "MasterProgram\MasterProgram.csproj", "{35211B19-9B23-4523-81F8-6CD7E497D55B}"
EndProject
Project("{FAE04EC0-301F-11D3-BF4B-00C04F79EFBC}") = "MasterProgramWebTest", "MasterProgramWebTest\MasterProgramWebTest.csproj", "{2739D085-45D7-4BA9-88B4-CC1D4A54AFAC}"
EndProject
Project("{FAE04EC0-301F-11D3-BF4B-00C04F79EFBC}") = "DMPLib_2010", "..\CSharpLib_testing\DMPLib\DMPLib\DMPLib_2010.csproj", "{D00CA989-9B64-4678-ACAC-048CFC16D381}"
EndProject
Global
	GlobalSection(SolutionConfigurationPlatforms) = preSolution
		Debug MapCacheProcessor|Any CPU = Debug MapCacheProcessor|Any CPU
		Debug MapCacheProcessor|Mixed Platforms = Debug MapCacheProcessor|Mixed Platforms
		Debug MapCacheProcessor|x86 = Debug MapCacheProcessor|x86
		Debug|Any CPU = Debug|Any CPU
		Debug|Mixed Platforms = Debug|Mixed Platforms
		Debug|x86 = Debug|x86
		Release|Any CPU = Release|Any CPU
		Release|Mixed Platforms = Release|Mixed Platforms
		Release|x86 = Release|x86
	EndGlobalSection
	GlobalSection(ProjectConfigurationPlatforms) = postSolution
		{35211B19-9B23-4523-81F8-6CD7E497D55B}.Debug MapCacheProcessor|Any CPU.ActiveCfg = Debug|x86
		{35211B19-9B23-4523-81F8-6CD7E497D55B}.Debug MapCacheProcessor|Mixed Platforms.ActiveCfg = Debug|x86
		{35211B19-9B23-4523-81F8-6CD7E497D55B}.Debug MapCacheProcessor|Mixed Platforms.Build.0 = Debug|x86
		{35211B19-9B23-4523-81F8-6CD7E497D55B}.Debug MapCacheProcessor|x86.ActiveCfg = Debug|x86
		{35211B19-9B23-4523-81F8-6CD7E497D55B}.Debug MapCacheProcessor|x86.Build.0 = Debug|x86
		{35211B19-9B23-4523-81F8-6CD7E497D55B}.Debug|Any CPU.ActiveCfg = Debug|x86
		{35211B19-9B23-4523-81F8-6CD7E497D55B}.Debug|Mixed Platforms.ActiveCfg = Debug|x86
		{35211B19-9B23-4523-81F8-6CD7E497D55B}.Debug|Mixed Platforms.Build.0 = Debug|x86
		{35211B19-9B23-4523-81F8-6CD7E497D55B}.Debug|x86.ActiveCfg = Debug|x86
		{35211B19-9B23-4523-81F8-6CD7E497D55B}.Debug|x86.Build.0 = Debug|x86
		{35211B19-9B23-4523-81F8-6CD7E497D55B}.Release|Any CPU.ActiveCfg = Release|x86
		{35211B19-9B23-4523-81F8-6CD7E497D55B}.Release|Mixed Platforms.ActiveCfg = Release|x86
		{35211B19-9B23-4523-81F8-6CD7E497D55B}.Release|Mixed Platforms.Build.0 = Release|x86
		{35211B19-9B23-4523-81F8-6CD7E497D55B}.Release|x86.ActiveCfg = Release|x86
		{35211B19-9B23-4523-81F8-6CD7E497D55B}.Release|x86.Build.0 = Release|x86
		{2739D085-45D7-4BA9-88B4-CC1D4A54AFAC}.Debug MapCacheProcessor|Any CPU.ActiveCfg = Debug|Any CPU
		{2739D085-45D7-4BA9-88B4-CC1D4A54AFAC}.Debug MapCacheProcessor|Any CPU.Build.0 = Debug|Any CPU
		{2739D085-45D7-4BA9-88B4-CC1D4A54AFAC}.Debug MapCacheProcessor|Mixed Platforms.ActiveCfg = Debug|Any CPU
		{2739D085-45D7-4BA9-88B4-CC1D4A54AFAC}.Debug MapCacheProcessor|Mixed Platforms.Build.0 = Debug|Any CPU
		{2739D085-45D7-4BA9-88B4-CC1D4A54AFAC}.Debug MapCacheProcessor|x86.ActiveCfg = Debug|Any CPU
		{2739D085-45D7-4BA9-88B4-CC1D4A54AFAC}.Debug|Any CPU.ActiveCfg = Debug|Any CPU
		{2739D085-45D7-4BA9-88B4-CC1D4A54AFAC}.Debug|Any CPU.Build.0 = Debug|Any CPU
		{2739D085-45D7-4BA9-88B4-CC1D4A54AFAC}.Debug|Mixed Platforms.ActiveCfg = Debug|Any CPU
		{2739D085-45D7-4BA9-88B4-CC1D4A54AFAC}.Debug|Mixed Platforms.Build.0 = Debug|Any CPU
		{2739D085-45D7-4BA9-88B4-CC1D4A54AFAC}.Debug|x86.ActiveCfg = Debug|Any CPU
		{2739D085-45D7-4BA9-88B4-CC1D4A54AFAC}.Release|Any CPU.ActiveCfg = Release|Any CPU
		{2739D085-45D7-4BA9-88B4-CC1D4A54AFAC}.Release|Any CPU.Build.0 = Release|Any CPU
		{2739D085-45D7-4BA9-88B4-CC1D4A54AFAC}.Release|Mixed Platforms.ActiveCfg = Release|Any CPU
		{2739D085-45D7-4BA9-88B4-CC1D4A54AFAC}.Release|Mixed Platforms.Build.0 = Release|Any CPU
		{2739D085-45D7-4BA9-88B4-CC1D4A54AFAC}.Release|x86.ActiveCfg = Release|Any CPU
		{D00CA989-9B64-4678-ACAC-048CFC16D381}.Debug MapCacheProcessor|Any CPU.ActiveCfg = Debug MapCacheProcessor|Any CPU
		{D00CA989-9B64-4678-ACAC-048CFC16D381}.Debug MapCacheProcessor|Any CPU.Build.0 = Debug MapCacheProcessor|Any CPU
		{D00CA989-9B64-4678-ACAC-048CFC16D381}.Debug MapCacheProcessor|Mixed Platforms.ActiveCfg = Debug MapCacheProcessor|Any CPU
		{D00CA989-9B64-4678-ACAC-048CFC16D381}.Debug MapCacheProcessor|Mixed Platforms.Build.0 = Debug MapCacheProcessor|Any CPU
		{D00CA989-9B64-4678-ACAC-048CFC16D381}.Debug MapCacheProcessor|x86.ActiveCfg = Debug MapCacheProcessor|Any CPU
		{D00CA989-9B64-4678-ACAC-048CFC16D381}.Debug|Any CPU.ActiveCfg = Debug|Any CPU
		{D00CA989-9B64-4678-ACAC-048CFC16D381}.Debug|Any CPU.Build.0 = Debug|Any CPU
		{D00CA989-9B64-4678-ACAC-048CFC16D381}.Debug|Mixed Platforms.ActiveCfg = Debug|Any CPU
		{D00CA989-9B64-4678-ACAC-048CFC16D381}.Debug|Mixed Platforms.Build.0 = Debug|Any CPU
		{D00CA989-9B64-4678-ACAC-048CFC16D381}.Debug|x86.ActiveCfg = Debug|Any CPU
		{D00CA989-9B64-4678-ACAC-048CFC16D381}.Release|Any CPU.ActiveCfg = Release|Any CPU
		{D00CA989-9B64-4678-ACAC-048CFC16D381}.Release|Any CPU.Build.0 = Release|Any CPU
		{D00CA989-9B64-4678-ACAC-048CFC16D381}.Release|Mixed Platforms.ActiveCfg = Release|Any CPU
		{D00CA989-9B64-4678-ACAC-048CFC16D381}.Release|Mixed Platforms.Build.0 = Release|Any CPU
		{D00CA989-9B64-4678-ACAC-048CFC16D381}.Release|x86.ActiveCfg = Release|Any CPU
	EndGlobalSection
	GlobalSection(SolutionProperties) = preSolution
		HideSolutionNode = FALSE
	EndGlobalSection
EndGlobal
